
Microsoft Visual Studio Solution File, Format Version 12.00
# Visual Studio Version 16
VisualStudioVersion = 16.0.31624.102
MinimumVisualStudioVersion = 10.0.40219.1
Project("{2150E333-8FDC-42A3-9474-1A3956D46DE8}") = "FrontEnd", "FrontEnd", "{0C363EE2-C77D-43F4-8F01-5CA263815F39}"
EndProject
Project("{9A19103F-16F7-4668-BE54-9A1E7A4F7556}") = "Mango.Web", "Mango.Web\Mango.Web.csproj", "{CD9F4BF8-E519-4B5C-9E8D-434F69C437CD}"
EndProject
Project("{2150E333-8FDC-42A3-9474-1A3956D46DE8}") = "Services", "Services", "{7D431A2F-7108-463E-AF65-9597EF4D5BDE}"
EndProject
Project("{9A19103F-16F7-4668-BE54-9A1E7A4F7556}") = "Mango.Services.ProductAPI", "Mango.Services.ProductAPI\Mango.Services.ProductAPI.csproj", "{7A58BD3F-C6A0-4C0F-8468-B9A2401EBE15}"
EndProject
Project("{9A19103F-16F7-4668-BE54-9A1E7A4F7556}") = "Mango.Services.Identity", "Mango.Services.Identity\Mango.Services.Identity.csproj", "{514E891E-058E-4546-9086-DBF4CCB3D158}"
EndProject
Project("{9A19103F-16F7-4668-BE54-9A1E7A4F7556}") = "Mango.Services.ShoppingCartAPI", "Mango.Services.ShoppingCartAPI\Mango.Services.ShoppingCartAPI.csproj", "{F7C2819B-6605-40E7-BBB4-63988BFEE94E}"
EndProject
Project("{9A19103F-16F7-4668-BE54-9A1E7A4F7556}") = "Mango.Services.CouponAPI", "Mango.Services.CouponAPI\Mango.Services.CouponAPI.csproj", "{C4CB6415-9991-451A-B5AA-BE1D62D74704}"
EndProject
Project("{2150E333-8FDC-42A3-9474-1A3956D46DE8}") = "Integration", "Integration", "{6A2B7026-0D43-4022-BCFE-626473C63503}"
EndProject
Project("{9A19103F-16F7-4668-BE54-9A1E7A4F7556}") = "Mango.MessageBus", "Mango.MessageBus\Mango.MessageBus.csproj", "{638B7203-F434-46C5-A719-449E0DE5ED3D}"
EndProject
Project("{9A19103F-16F7-4668-BE54-9A1E7A4F7556}") = "Mango.Sevices.OrderAPI", "Mango.Sevices.OrderAPI\Mango.Sevices.OrderAPI.csproj", "{6A2BB9E4-E3D6-4AF3-A48A-FA6D7DBEE096}"
EndProject
Project("{2150E333-8FDC-42A3-9474-1A3956D46DE8}") = "Payments", "Payments", "{4727E2C1-5462-4608-A4B3-DEB1464F8778}"
EndProject
Project("{9A19103F-16F7-4668-BE54-9A1E7A4F7556}") = "PaymentProcessor", "PaymentProcessor\PaymentProcessor.csproj", "{27BDBF4F-FC30-49DF-886B-0499539F231C}"
EndProject
Project("{FAE04EC0-301F-11D3-BF4B-00C04F79EFBC}") = "Mango.Services.PaymentAPI", "Mango.Services.PaymentAPI\Mango.Services.PaymentAPI.csproj", "{53D1CEA8-A1DC-428E-BEC3-A57F6FF8B493}"
EndProject
Global
	GlobalSection(SolutionConfigurationPlatforms) = preSolution
		Debug|Any CPU = Debug|Any CPU
		Release|Any CPU = Release|Any CPU
	EndGlobalSection
	GlobalSection(ProjectConfigurationPlatforms) = postSolution
		{CD9F4BF8-E519-4B5C-9E8D-434F69C437CD}.Debug|Any CPU.ActiveCfg = Debug|Any CPU
		{CD9F4BF8-E519-4B5C-9E8D-434F69C437CD}.Debug|Any CPU.Build.0 = Debug|Any CPU
		{CD9F4BF8-E519-4B5C-9E8D-434F69C437CD}.Release|Any CPU.ActiveCfg = Release|Any CPU
		{CD9F4BF8-E519-4B5C-9E8D-434F69C437CD}.Release|Any CPU.Build.0 = Release|Any CPU
		{7A58BD3F-C6A0-4C0F-8468-B9A2401EBE15}.Debug|Any CPU.ActiveCfg = Debug|Any CPU
		{7A58BD3F-C6A0-4C0F-8468-B9A2401EBE15}.Debug|Any CPU.Build.0 = Debug|Any CPU
		{7A58BD3F-C6A0-4C0F-8468-B9A2401EBE15}.Release|Any CPU.ActiveCfg = Release|Any CPU
		{7A58BD3F-C6A0-4C0F-8468-B9A2401EBE15}.Release|Any CPU.Build.0 = Release|Any CPU
		{514E891E-058E-4546-9086-DBF4CCB3D158}.Debug|Any CPU.ActiveCfg = Debug|Any CPU
		{514E891E-058E-4546-9086-DBF4CCB3D158}.Debug|Any CPU.Build.0 = Debug|Any CPU
		{514E891E-058E-4546-9086-DBF4CCB3D158}.Release|Any CPU.ActiveCfg = Release|Any CPU
		{514E891E-058E-4546-9086-DBF4CCB3D158}.Release|Any CPU.Build.0 = Release|Any CPU
		{F7C2819B-6605-40E7-BBB4-63988BFEE94E}.Debug|Any CPU.ActiveCfg = Debug|Any CPU
		{F7C2819B-6605-40E7-BBB4-63988BFEE94E}.Debug|Any CPU.Build.0 = Debug|Any CPU
		{F7C2819B-6605-40E7-BBB4-63988BFEE94E}.Release|Any CPU.ActiveCfg = Release|Any CPU
		{F7C2819B-6605-40E7-BBB4-63988BFEE94E}.Release|Any CPU.Build.0 = Release|Any CPU
		{C4CB6415-9991-451A-B5AA-BE1D62D74704}.Debug|Any CPU.ActiveCfg = Debug|Any CPU
		{C4CB6415-9991-451A-B5AA-BE1D62D74704}.Debug|Any CPU.Build.0 = Debug|Any CPU
		{C4CB6415-9991-451A-B5AA-BE1D62D74704}.Release|Any CPU.ActiveCfg = Release|Any CPU
		{C4CB6415-9991-451A-B5AA-BE1D62D74704}.Release|Any CPU.Build.0 = Release|Any CPU
		{638B7203-F434-46C5-A719-449E0DE5ED3D}.Debug|Any CPU.ActiveCfg = Debug|Any CPU
		{638B7203-F434-46C5-A719-449E0DE5ED3D}.Debug|Any CPU.Build.0 = Debug|Any CPU
		{638B7203-F434-46C5-A719-449E0DE5ED3D}.Release|Any CPU.ActiveCfg = Release|Any CPU
		{638B7203-F434-46C5-A719-449E0DE5ED3D}.Release|Any CPU.Build.0 = Release|Any CPU
		{6A2BB9E4-E3D6-4AF3-A48A-FA6D7DBEE096}.Debug|Any CPU.ActiveCfg = Debug|Any CPU
		{6A2BB9E4-E3D6-4AF3-A48A-FA6D7DBEE096}.Debug|Any CPU.Build.0 = Debug|Any CPU
		{6A2BB9E4-E3D6-4AF3-A48A-FA6D7DBEE096}.Release|Any CPU.ActiveCfg = Release|Any CPU
		{6A2BB9E4-E3D6-4AF3-A48A-FA6D7DBEE096}.Release|Any CPU.Build.0 = Release|Any CPU
		{27BDBF4F-FC30-49DF-886B-0499539F231C}.Debug|Any CPU.ActiveCfg = Debug|Any CPU
		{27BDBF4F-FC30-49DF-886B-0499539F231C}.Debug|Any CPU.Build.0 = Debug|Any CPU
		{27BDBF4F-FC30-49DF-886B-0499539F231C}.Release|Any CPU.ActiveCfg = Release|Any CPU
		{27BDBF4F-FC30-49DF-886B-0499539F231C}.Release|Any CPU.Build.0 = Release|Any CPU
		{53D1CEA8-A1DC-428E-BEC3-A57F6FF8B493}.Debug|Any CPU.ActiveCfg = Debug|Any CPU
		{53D1CEA8-A1DC-428E-BEC3-A57F6FF8B493}.Debug|Any CPU.Build.0 = Debug|Any CPU
		{53D1CEA8-A1DC-428E-BEC3-A57F6FF8B493}.Release|Any CPU.ActiveCfg = Release|Any CPU
		{53D1CEA8-A1DC-428E-BEC3-A57F6FF8B493}.Release|Any CPU.Build.0 = Release|Any CPU
	EndGlobalSection
	GlobalSection(SolutionProperties) = preSolution
		HideSolutionNode = FALSE
	EndGlobalSection
	GlobalSection(NestedProjects) = preSolution
		{CD9F4BF8-E519-4B5C-9E8D-434F69C437CD} = {0C363EE2-C77D-43F4-8F01-5CA263815F39}
		{7A58BD3F-C6A0-4C0F-8468-B9A2401EBE15} = {7D431A2F-7108-463E-AF65-9597EF4D5BDE}
		{514E891E-058E-4546-9086-DBF4CCB3D158} = {7D431A2F-7108-463E-AF65-9597EF4D5BDE}
		{F7C2819B-6605-40E7-BBB4-63988BFEE94E} = {7D431A2F-7108-463E-AF65-9597EF4D5BDE}
		{C4CB6415-9991-451A-B5AA-BE1D62D74704} = {7D431A2F-7108-463E-AF65-9597EF4D5BDE}
		{638B7203-F434-46C5-A719-449E0DE5ED3D} = {6A2B7026-0D43-4022-BCFE-626473C63503}
		{6A2BB9E4-E3D6-4AF3-A48A-FA6D7DBEE096} = {7D431A2F-7108-463E-AF65-9597EF4D5BDE}
		{27BDBF4F-FC30-49DF-886B-0499539F231C} = {4727E2C1-5462-4608-A4B3-DEB1464F8778}
		{53D1CEA8-A1DC-428E-BEC3-A57F6FF8B493} = {7D431A2F-7108-463E-AF65-9597EF4D5BDE}
	EndGlobalSection
	GlobalSection(ExtensibilityGlobals) = postSolution
		SolutionGuid = {C5F83738-D317-41D0-A453-2643E6E1C737}
	EndGlobalSection
EndGlobal
